
Microsoft Visual Studio Solution File, Format Version 12.00
# Visual Studio Version 17
VisualStudioVersion = 17.3.32901.215
MinimumVisualStudioVersion = 10.0.40219.1
Project("{FAE04EC0-301F-11D3-BF4B-00C04F79EFBC}") = "PollSystemTest", "PollSystemTest.csproj", "{D04FCAB7-7823-4213-A099-8C8FA968804A}"
EndProject
Global
	GlobalSection(SolutionConfigurationPlatforms) = preSolution
		Debug|Any CPU = Debug|Any CPU
		Release|Any CPU = Release|Any CPU
	EndGlobalSection
	GlobalSection(ProjectConfigurationPlatforms) = postSolution
		{D04FCAB7-7823-4213-A099-8C8FA968804A}.Debug|Any CPU.ActiveCfg = Debug|Any CPU
		{D04FCAB7-7823-4213-A099-8C8FA968804A}.Debug|Any CPU.Build.0 = Debug|Any CPU
		{D04FCAB7-7823-4213-A099-8C8FA968804A}.Release|Any CPU.ActiveCfg = Release|Any CPU
		{D04FCAB7-7823-4213-A099-8C8FA968804A}.Release|Any CPU.Build.0 = Release|Any CPU
	EndGlobalSection
	GlobalSection(SolutionProperties) = preSolution
		HideSolutionNode = FALSE
	EndGlobalSection
	GlobalSection(ExtensibilityGlobals) = postSolution
		SolutionGuid = {AB3B9F4E-6214-4509-A8B6-B5E1A76454D6}
	EndGlobalSection
EndGlobal
