
Microsoft Visual Studio Solution File, Format Version 12.00
# Visual Studio Version 16
VisualStudioVersion = 16.0.33328.57
MinimumVisualStudioVersion = 10.0.40219.1
Project("{FAE04EC0-301F-11D3-BF4B-00C04F79EFBC}") = "LeandroHFer.UI.Site", "src\LeandroHFer.UI.Site\LeandroHFer.UI.Site.csproj", "{901159C6-600D-40E6-9075-FCCB190DF93F}"
EndProject
Global
	GlobalSection(SolutionConfigurationPlatforms) = preSolution
		Debug|Any CPU = Debug|Any CPU
		Release|Any CPU = Release|Any CPU
	EndGlobalSection
	GlobalSection(ProjectConfigurationPlatforms) = postSolution
		{901159C6-600D-40E6-9075-FCCB190DF93F}.Debug|Any CPU.ActiveCfg = Debug|Any CPU
		{901159C6-600D-40E6-9075-FCCB190DF93F}.Debug|Any CPU.Build.0 = Debug|Any CPU
		{901159C6-600D-40E6-9075-FCCB190DF93F}.Release|Any CPU.ActiveCfg = Release|Any CPU
		{901159C6-600D-40E6-9075-FCCB190DF93F}.Release|Any CPU.Build.0 = Release|Any CPU
	EndGlobalSection
	GlobalSection(SolutionProperties) = preSolution
		HideSolutionNode = FALSE
	EndGlobalSection
	GlobalSection(ExtensibilityGlobals) = postSolution
		SolutionGuid = {1B28E3F4-6359-4348-B3E8-C721C8CF12B6}
	EndGlobalSection
EndGlobal
