
Microsoft Visual Studio Solution File, Format Version 12.00
# Visual Studio Version 17
VisualStudioVersion = 17.6.33801.468
MinimumVisualStudioVersion = 10.0.40219.1
Project("{9A19103F-16F7-4668-BE54-9A1E7A4F7556}") = "AppMvcSemTemplate", "src\AppMvcSemTemplate\AppMvcSemTemplate.csproj", "{1B932205-C25D-41CE-9901-DB33362DC1F1}"
EndProject
Project("{FAE04EC0-301F-11D3-BF4B-00C04F79EFBC}") = "WebApplication1", "WebApplication1\WebApplication1.csproj", "{9FBB6FD6-CC4D-437B-B9BA-2D45F2A147AB}"
EndProject
Global
	GlobalSection(SolutionConfigurationPlatforms) = preSolution
		Debug|Any CPU = Debug|Any CPU
		Release|Any CPU = Release|Any CPU
	EndGlobalSection
	GlobalSection(ProjectConfigurationPlatforms) = postSolution
		{1B932205-C25D-41CE-9901-DB33362DC1F1}.Debug|Any CPU.ActiveCfg = Debug|Any CPU
		{1B932205-C25D-41CE-9901-DB33362DC1F1}.Debug|Any CPU.Build.0 = Debug|Any CPU
		{1B932205-C25D-41CE-9901-DB33362DC1F1}.Release|Any CPU.ActiveCfg = Release|Any CPU
		{1B932205-C25D-41CE-9901-DB33362DC1F1}.Release|Any CPU.Build.0 = Release|Any CPU
		{9FBB6FD6-CC4D-437B-B9BA-2D45F2A147AB}.Debug|Any CPU.ActiveCfg = Debug|Any CPU
		{9FBB6FD6-CC4D-437B-B9BA-2D45F2A147AB}.Debug|Any CPU.Build.0 = Debug|Any CPU
		{9FBB6FD6-CC4D-437B-B9BA-2D45F2A147AB}.Release|Any CPU.ActiveCfg = Release|Any CPU
		{9FBB6FD6-CC4D-437B-B9BA-2D45F2A147AB}.Release|Any CPU.Build.0 = Release|Any CPU
	EndGlobalSection
	GlobalSection(SolutionProperties) = preSolution
		HideSolutionNode = FALSE
	EndGlobalSection
	GlobalSection(ExtensibilityGlobals) = postSolution
		SolutionGuid = {BF976EAB-3522-4F37-AF8B-92626D2D59DB}
	EndGlobalSection
EndGlobal
